// !$*UTF8*$!
{
	archiveVersion = 1;
	classes = {
	};
	objectVersion = 55;
	objects = {

/* Begin PBXBuildFile section */
		FA2B36A428B8FF250021731B /* AppDelegate.swift in Sources */ = {isa = PBXBuildFile; fileRef = FA2B36A328B8FF250021731B /* AppDelegate.swift */; };
		FA2B36A628B8FF250021731B /* SceneDelegate.swift in Sources */ = {isa = PBXBuildFile; fileRef = FA2B36A528B8FF250021731B /* SceneDelegate.swift */; };
		FA2B36AE28B8FF260021731B /* iPDF.xcdatamodeld in Sources */ = {isa = PBXBuildFile; fileRef = FA2B36AC28B8FF260021731B /* iPDF.xcdatamodeld */; };
		FA2B36B028B8FF280021731B /* Assets.xcassets in Resources */ = {isa = PBXBuildFile; fileRef = FA2B36AF28B8FF280021731B /* Assets.xcassets */; };
		FA2B36B328B8FF280021731B /* LaunchScreen.storyboard in Resources */ = {isa = PBXBuildFile; fileRef = FA2B36B128B8FF280021731B /* LaunchScreen.storyboard */; };
		FA2B36BD28B910AE0021731B /* TabBarController.swift in Sources */ = {isa = PBXBuildFile; fileRef = FA2B36BC28B910AE0021731B /* TabBarController.swift */; };
		FA2B36BF28B912C90021731B /* ImgsAndClrs.swift in Sources */ = {isa = PBXBuildFile; fileRef = FA2B36BE28B912C90021731B /* ImgsAndClrs.swift */; };
		FA2B36C128B913BB0021731B /* Extensions.swift in Sources */ = {isa = PBXBuildFile; fileRef = FA2B36C028B913BB0021731B /* Extensions.swift */; };
		FA2B36C328B913EC0021731B /* SetUIManager.swift in Sources */ = {isa = PBXBuildFile; fileRef = FA2B36C228B913EC0021731B /* SetUIManager.swift */; };
		FA2B36C728B915060021731B /* BaseTableViewCell.swift in Sources */ = {isa = PBXBuildFile; fileRef = FA2B36C628B915060021731B /* BaseTableViewCell.swift */; };
		FA2B36CA28B9160E0021731B /* DocumentTVCell.swift in Sources */ = {isa = PBXBuildFile; fileRef = FA2B36C928B9160E0021731B /* DocumentTVCell.swift */; };
		FA2B36CC28B916460021731B /* MyFilesView.swift in Sources */ = {isa = PBXBuildFile; fileRef = FA2B36CB28B916460021731B /* MyFilesView.swift */; };
		FA2B36CE28B916A50021731B /* MyFilesVC.swift in Sources */ = {isa = PBXBuildFile; fileRef = FA2B36CD28B916A50021731B /* MyFilesVC.swift */; };
		FA2B36D128B917D20021731B /* PDFViewerVC.swift in Sources */ = {isa = PBXBuildFile; fileRef = FA2B36D028B917D20021731B /* PDFViewerVC.swift */; };
		FA2B36D428B918B00021731B /* ToolsVC.swift in Sources */ = {isa = PBXBuildFile; fileRef = FA2B36D328B918B00021731B /* ToolsVC.swift */; };
		FAB594D728BA01BD002D3916 /* MODocument+CoreDataClass.swift in Sources */ = {isa = PBXBuildFile; fileRef = FAB594D528BA01BD002D3916 /* MODocument+CoreDataClass.swift */; };
		FAB594D828BA01BD002D3916 /* MODocument+CoreDataProperties.swift in Sources */ = {isa = PBXBuildFile; fileRef = FAB594D628BA01BD002D3916 /* MODocument+CoreDataProperties.swift */; };
		FAB594DA28BA01DC002D3916 /* CoreDataManager.swift in Sources */ = {isa = PBXBuildFile; fileRef = FAB594D928BA01DC002D3916 /* CoreDataManager.swift */; };
		FAB594DD28BA038D002D3916 /* DocumentPicker.swift in Sources */ = {isa = PBXBuildFile; fileRef = FAB594DC28BA038D002D3916 /* DocumentPicker.swift */; };
		FAB594DF28BA03B0002D3916 /* DocumentDelegate.swift in Sources */ = {isa = PBXBuildFile; fileRef = FAB594DE28BA03B0002D3916 /* DocumentDelegate.swift */; };
		FAB594E128BA03C5002D3916 /* Document.swift in Sources */ = {isa = PBXBuildFile; fileRef = FAB594E028BA03C5002D3916 /* Document.swift */; };
/* End PBXBuildFile section */

/* Begin PBXFileReference section */
		FA2B36A028B8FF250021731B /* iPDF.app */ = {isa = PBXFileReference; explicitFileType = wrapper.application; includeInIndex = 0; path = iPDF.app; sourceTree = BUILT_PRODUCTS_DIR; };
		FA2B36A328B8FF250021731B /* AppDelegate.swift */ = {isa = PBXFileReference; lastKnownFileType = sourcecode.swift; path = AppDelegate.swift; sourceTree = "<group>"; };
		FA2B36A528B8FF250021731B /* SceneDelegate.swift */ = {isa = PBXFileReference; lastKnownFileType = sourcecode.swift; path = SceneDelegate.swift; sourceTree = "<group>"; };
		FA2B36AD28B8FF260021731B /* iPDF.xcdatamodel */ = {isa = PBXFileReference; lastKnownFileType = wrapper.xcdatamodel; path = iPDF.xcdatamodel; sourceTree = "<group>"; };
		FA2B36AF28B8FF280021731B /* Assets.xcassets */ = {isa = PBXFileReference; lastKnownFileType = folder.assetcatalog; path = Assets.xcassets; sourceTree = "<group>"; };
		FA2B36B228B8FF280021731B /* Base */ = {isa = PBXFileReference; lastKnownFileType = file.storyboard; name = Base; path = Base.lproj/LaunchScreen.storyboard; sourceTree = "<group>"; };
		FA2B36B428B8FF280021731B /* Info.plist */ = {isa = PBXFileReference; lastKnownFileType = text.plist.xml; path = Info.plist; sourceTree = "<group>"; };
		FA2B36BC28B910AE0021731B /* TabBarController.swift */ = {isa = PBXFileReference; lastKnownFileType = sourcecode.swift; path = TabBarController.swift; sourceTree = "<group>"; };
		FA2B36BE28B912C90021731B /* ImgsAndClrs.swift */ = {isa = PBXFileReference; lastKnownFileType = sourcecode.swift; path = ImgsAndClrs.swift; sourceTree = "<group>"; };
		FA2B36C028B913BB0021731B /* Extensions.swift */ = {isa = PBXFileReference; lastKnownFileType = sourcecode.swift; path = Extensions.swift; sourceTree = "<group>"; };
		FA2B36C228B913EC0021731B /* SetUIManager.swift */ = {isa = PBXFileReference; lastKnownFileType = sourcecode.swift; path = SetUIManager.swift; sourceTree = "<group>"; };
		FA2B36C628B915060021731B /* BaseTableViewCell.swift */ = {isa = PBXFileReference; lastKnownFileType = sourcecode.swift; path = BaseTableViewCell.swift; sourceTree = "<group>"; };
		FA2B36C928B9160E0021731B /* DocumentTVCell.swift */ = {isa = PBXFileReference; lastKnownFileType = sourcecode.swift; path = DocumentTVCell.swift; sourceTree = "<group>"; };
		FA2B36CB28B916460021731B /* MyFilesView.swift */ = {isa = PBXFileReference; lastKnownFileType = sourcecode.swift; path = MyFilesView.swift; sourceTree = "<group>"; };
		FA2B36CD28B916A50021731B /* MyFilesVC.swift */ = {isa = PBXFileReference; lastKnownFileType = sourcecode.swift; path = MyFilesVC.swift; sourceTree = "<group>"; };
		FA2B36D028B917D20021731B /* PDFViewerVC.swift */ = {isa = PBXFileReference; lastKnownFileType = sourcecode.swift; path = PDFViewerVC.swift; sourceTree = "<group>"; };
		FA2B36D328B918B00021731B /* ToolsVC.swift */ = {isa = PBXFileReference; lastKnownFileType = sourcecode.swift; path = ToolsVC.swift; sourceTree = "<group>"; };
		FAB594D528BA01BD002D3916 /* MODocument+CoreDataClass.swift */ = {isa = PBXFileReference; lastKnownFileType = sourcecode.swift; path = "MODocument+CoreDataClass.swift"; sourceTree = "<group>"; };
		FAB594D628BA01BD002D3916 /* MODocument+CoreDataProperties.swift */ = {isa = PBXFileReference; lastKnownFileType = sourcecode.swift; path = "MODocument+CoreDataProperties.swift"; sourceTree = "<group>"; };
		FAB594D928BA01DC002D3916 /* CoreDataManager.swift */ = {isa = PBXFileReference; lastKnownFileType = sourcecode.swift; path = CoreDataManager.swift; sourceTree = "<group>"; };
		FAB594DC28BA038D002D3916 /* DocumentPicker.swift */ = {isa = PBXFileReference; lastKnownFileType = sourcecode.swift; path = DocumentPicker.swift; sourceTree = "<group>"; };
		FAB594DE28BA03B0002D3916 /* DocumentDelegate.swift */ = {isa = PBXFileReference; lastKnownFileType = sourcecode.swift; path = DocumentDelegate.swift; sourceTree = "<group>"; };
		FAB594E028BA03C5002D3916 /* Document.swift */ = {isa = PBXFileReference; lastKnownFileType = sourcecode.swift; path = Document.swift; sourceTree = "<group>"; };
/* End PBXFileReference section */

/* Begin PBXFrameworksBuildPhase section */
		FA2B369D28B8FF250021731B /* Frameworks */ = {
			isa = PBXFrameworksBuildPhase;
			buildActionMask = 2147483647;
			files = (
			);
			runOnlyForDeploymentPostprocessing = 0;
		};
/* End PBXFrameworksBuildPhase section */

/* Begin PBXGroup section */
		FA2B369728B8FF250021731B = {
			isa = PBXGroup;
			children = (
				FA2B36A228B8FF250021731B /* iPDF */,
				FA2B36A128B8FF250021731B /* Products */,
			);
			sourceTree = "<group>";
		};
		FA2B36A128B8FF250021731B /* Products */ = {
			isa = PBXGroup;
			children = (
				FA2B36A028B8FF250021731B /* iPDF.app */,
			);
			name = Products;
			sourceTree = "<group>";
		};
		FA2B36A228B8FF250021731B /* iPDF */ = {
			isa = PBXGroup;
			children = (
				FAB594D028BA005A002D3916 /* Core Data */,
				FAB594DB28BA0368002D3916 /* DocPickerFiles */,
				FA2B36CF28B917AC0021731B /* PDFViewerVC */,
				FA2B36C528B914DE0021731B /* Base UI  */,
				FA2B36BB28B9107C0021731B /* TabBar */,
				FA2B36BA28B910350021731B /* Supporting Files */,
				FA2B36B428B8FF280021731B /* Info.plist */,
				FA2B36AC28B8FF260021731B /* iPDF.xcdatamodeld */,
			);
			path = iPDF;
			sourceTree = "<group>";
		};
		FA2B36BA28B910350021731B /* Supporting Files */ = {
			isa = PBXGroup;
			children = (
				FA2B36A328B8FF250021731B /* AppDelegate.swift */,
				FA2B36A528B8FF250021731B /* SceneDelegate.swift */,
				FA2B36C028B913BB0021731B /* Extensions.swift */,
				FA2B36B128B8FF280021731B /* LaunchScreen.storyboard */,
				FA2B36AF28B8FF280021731B /* Assets.xcassets */,
				FA2B36BE28B912C90021731B /* ImgsAndClrs.swift */,
				FA2B36C228B913EC0021731B /* SetUIManager.swift */,
			);
			path = "Supporting Files";
			sourceTree = "<group>";
		};
		FA2B36BB28B9107C0021731B /* TabBar */ = {
			isa = PBXGroup;
			children = (
				FA2B36C828B915580021731B /* MyFilesVC */,
				FA2B36D228B9181A0021731B /* ToolsVC */,
				FA2B36BC28B910AE0021731B /* TabBarController.swift */,
			);
			path = TabBar;
			sourceTree = "<group>";
		};
		FA2B36C528B914DE0021731B /* Base UI  */ = {
			isa = PBXGroup;
			children = (
				FA2B36C628B915060021731B /* BaseTableViewCell.swift */,
			);
			path = "Base UI ";
			sourceTree = "<group>";
		};
		FA2B36C828B915580021731B /* MyFilesVC */ = {
			isa = PBXGroup;
			children = (
				FA2B36C928B9160E0021731B /* DocumentTVCell.swift */,
				FA2B36CB28B916460021731B /* MyFilesView.swift */,
				FA2B36CD28B916A50021731B /* MyFilesVC.swift */,
			);
			path = MyFilesVC;
			sourceTree = "<group>";
		};
		FA2B36CF28B917AC0021731B /* PDFViewerVC */ = {
			isa = PBXGroup;
			children = (
				FA2B36D028B917D20021731B /* PDFViewerVC.swift */,
			);
			path = PDFViewerVC;
			sourceTree = "<group>";
		};
		FA2B36D228B9181A0021731B /* ToolsVC */ = {
			isa = PBXGroup;
			children = (
				FA2B36D328B918B00021731B /* ToolsVC.swift */,
			);
			path = ToolsVC;
			sourceTree = "<group>";
		};
		FAB594D028BA005A002D3916 /* Core Data */ = {
			isa = PBXGroup;
			children = (
				FAB594D528BA01BD002D3916 /* MODocument+CoreDataClass.swift */,
				FAB594D628BA01BD002D3916 /* MODocument+CoreDataProperties.swift */,
				FAB594D928BA01DC002D3916 /* CoreDataManager.swift */,
			);
			path = "Core Data";
			sourceTree = "<group>";
		};
		FAB594DB28BA0368002D3916 /* DocPickerFiles */ = {
			isa = PBXGroup;
			children = (
				FAB594DC28BA038D002D3916 /* DocumentPicker.swift */,
				FAB594DE28BA03B0002D3916 /* DocumentDelegate.swift */,
				FAB594E028BA03C5002D3916 /* Document.swift */,
			);
			path = DocPickerFiles;
			sourceTree = "<group>";
		};
/* End PBXGroup section */

/* Begin PBXNativeTarget section */
		FA2B369F28B8FF250021731B /* iPDF */ = {
			isa = PBXNativeTarget;
			buildConfigurationList = FA2B36B728B8FF280021731B /* Build configuration list for PBXNativeTarget "iPDF" */;
			buildPhases = (
				FA2B369C28B8FF250021731B /* Sources */,
				FA2B369D28B8FF250021731B /* Frameworks */,
				FA2B369E28B8FF250021731B /* Resources */,
			);
			buildRules = (
			);
			dependencies = (
			);
			name = iPDF;
			productName = iPDF;
			productReference = FA2B36A028B8FF250021731B /* iPDF.app */;
			productType = "com.apple.product-type.application";
		};
/* End PBXNativeTarget section */

/* Begin PBXProject section */
		FA2B369828B8FF250021731B /* Project object */ = {
			isa = PBXProject;
			attributes = {
				BuildIndependentTargetsInParallel = 1;
				LastSwiftUpdateCheck = 1340;
				LastUpgradeCheck = 1340;
				TargetAttributes = {
					FA2B369F28B8FF250021731B = {
						CreatedOnToolsVersion = 13.4.1;
					};
				};
			};
			buildConfigurationList = FA2B369B28B8FF250021731B /* Build configuration list for PBXProject "iPDF" */;
			compatibilityVersion = "Xcode 13.0";
			developmentRegion = en;
			hasScannedForEncodings = 0;
			knownRegions = (
				en,
				Base,
			);
			mainGroup = FA2B369728B8FF250021731B;
			productRefGroup = FA2B36A128B8FF250021731B /* Products */;
			projectDirPath = "";
			projectRoot = "";
			targets = (
				FA2B369F28B8FF250021731B /* iPDF */,
			);
		};
/* End PBXProject section */

/* Begin PBXResourcesBuildPhase section */
		FA2B369E28B8FF250021731B /* Resources */ = {
			isa = PBXResourcesBuildPhase;
			buildActionMask = 2147483647;
			files = (
				FA2B36B328B8FF280021731B /* LaunchScreen.storyboard in Resources */,
				FA2B36B028B8FF280021731B /* Assets.xcassets in Resources */,
			);
			runOnlyForDeploymentPostprocessing = 0;
		};
/* End PBXResourcesBuildPhase section */

/* Begin PBXSourcesBuildPhase section */
		FA2B369C28B8FF250021731B /* Sources */ = {
			isa = PBXSourcesBuildPhase;
			buildActionMask = 2147483647;
			files = (
				FA2B36C728B915060021731B /* BaseTableViewCell.swift in Sources */,
				FA2B36D428B918B00021731B /* ToolsVC.swift in Sources */,
				FAB594D728BA01BD002D3916 /* MODocument+CoreDataClass.swift in Sources */,
				FAB594D828BA01BD002D3916 /* MODocument+CoreDataProperties.swift in Sources */,
				FAB594DD28BA038D002D3916 /* DocumentPicker.swift in Sources */,
				FA2B36CA28B9160E0021731B /* DocumentTVCell.swift in Sources */,
				FA2B36BF28B912C90021731B /* ImgsAndClrs.swift in Sources */,
				FA2B36C128B913BB0021731B /* Extensions.swift in Sources */,
				FA2B36AE28B8FF260021731B /* iPDF.xcdatamodeld in Sources */,
				FA2B36BD28B910AE0021731B /* TabBarController.swift in Sources */,
				FA2B36CC28B916460021731B /* MyFilesView.swift in Sources */,
				FA2B36CE28B916A50021731B /* MyFilesVC.swift in Sources */,
				FA2B36A428B8FF250021731B /* AppDelegate.swift in Sources */,
				FAB594DF28BA03B0002D3916 /* DocumentDelegate.swift in Sources */,
				FA2B36D128B917D20021731B /* PDFViewerVC.swift in Sources */,
				FA2B36A628B8FF250021731B /* SceneDelegate.swift in Sources */,
				FAB594DA28BA01DC002D3916 /* CoreDataManager.swift in Sources */,
				FA2B36C328B913EC0021731B /* SetUIManager.swift in Sources */,
				FAB594E128BA03C5002D3916 /* Document.swift in Sources */,
			);
			runOnlyForDeploymentPostprocessing = 0;
		};
/* End PBXSourcesBuildPhase section */

/* Begin PBXVariantGroup section */
		FA2B36B128B8FF280021731B /* LaunchScreen.storyboard */ = {
			isa = PBXVariantGroup;
			children = (
				FA2B36B228B8FF280021731B /* Base */,
			);
			name = LaunchScreen.storyboard;
			sourceTree = "<group>";
		};
/* End PBXVariantGroup section */

/* Begin XCBuildConfiguration section */
		FA2B36B528B8FF280021731B /* Debug */ = {
			isa = XCBuildConfiguration;
			buildSettings = {
				ALWAYS_SEARCH_USER_PATHS = NO;
				CLANG_ANALYZER_NONNULL = YES;
				CLANG_ANALYZER_NUMBER_OBJECT_CONVERSION = YES_AGGRESSIVE;
				CLANG_CXX_LANGUAGE_STANDARD = "gnu++17";
				CLANG_ENABLE_MODULES = YES;
				CLANG_ENABLE_OBJC_ARC = YES;
				CLANG_ENABLE_OBJC_WEAK = YES;
				CLANG_WARN_BLOCK_CAPTURE_AUTORELEASING = YES;
				CLANG_WARN_BOOL_CONVERSION = YES;
				CLANG_WARN_COMMA = YES;
				CLANG_WARN_CONSTANT_CONVERSION = YES;
				CLANG_WARN_DEPRECATED_OBJC_IMPLEMENTATIONS = YES;
				CLANG_WARN_DIRECT_OBJC_ISA_USAGE = YES_ERROR;
				CLANG_WARN_DOCUMENTATION_COMMENTS = YES;
				CLANG_WARN_EMPTY_BODY = YES;
				CLANG_WARN_ENUM_CONVERSION = YES;
				CLANG_WARN_INFINITE_RECURSION = YES;
				CLANG_WARN_INT_CONVERSION = YES;
				CLANG_WARN_NON_LITERAL_NULL_CONVERSION = YES;
				CLANG_WARN_OBJC_IMPLICIT_RETAIN_SELF = YES;
				CLANG_WARN_OBJC_LITERAL_CONVERSION = YES;
				CLANG_WARN_OBJC_ROOT_CLASS = YES_ERROR;
				CLANG_WARN_QUOTED_INCLUDE_IN_FRAMEWORK_HEADER = YES;
				CLANG_WARN_RANGE_LOOP_ANALYSIS = YES;
				CLANG_WARN_STRICT_PROTOTYPES = YES;
				CLANG_WARN_SUSPICIOUS_MOVE = YES;
				CLANG_WARN_UNGUARDED_AVAILABILITY = YES_AGGRESSIVE;
				CLANG_WARN_UNREACHABLE_CODE = YES;
				CLANG_WARN__DUPLICATE_METHOD_MATCH = YES;
				COPY_PHASE_STRIP = NO;
				DEBUG_INFORMATION_FORMAT = dwarf;
				ENABLE_STRICT_OBJC_MSGSEND = YES;
				ENABLE_TESTABILITY = YES;
				GCC_C_LANGUAGE_STANDARD = gnu11;
				GCC_DYNAMIC_NO_PIC = NO;
				GCC_NO_COMMON_BLOCKS = YES;
				GCC_OPTIMIZATION_LEVEL = 0;
				GCC_PREPROCESSOR_DEFINITIONS = (
					"DEBUG=1",
					"$(inherited)",
				);
				GCC_WARN_64_TO_32_BIT_CONVERSION = YES;
				GCC_WARN_ABOUT_RETURN_TYPE = YES_ERROR;
				GCC_WARN_UNDECLARED_SELECTOR = YES;
				GCC_WARN_UNINITIALIZED_AUTOS = YES_AGGRESSIVE;
				GCC_WARN_UNUSED_FUNCTION = YES;
				GCC_WARN_UNUSED_VARIABLE = YES;
				IPHONEOS_DEPLOYMENT_TARGET = 15.5;
				MTL_ENABLE_DEBUG_INFO = INCLUDE_SOURCE;
				MTL_FAST_MATH = YES;
				ONLY_ACTIVE_ARCH = YES;
				SDKROOT = iphoneos;
				SWIFT_ACTIVE_COMPILATION_CONDITIONS = DEBUG;
				SWIFT_OPTIMIZATION_LEVEL = "-Onone";
			};
			name = Debug;
		};
		FA2B36B628B8FF280021731B /* Release */ = {
			isa = XCBuildConfiguration;
			buildSettings = {
				ALWAYS_SEARCH_USER_PATHS = NO;
				CLANG_ANALYZER_NONNULL = YES;
				CLANG_ANALYZER_NUMBER_OBJECT_CONVERSION = YES_AGGRESSIVE;
				CLANG_CXX_LANGUAGE_STANDARD = "gnu++17";
				CLANG_ENABLE_MODULES = YES;
				CLANG_ENABLE_OBJC_ARC = YES;
				CLANG_ENABLE_OBJC_WEAK = YES;
				CLANG_WARN_BLOCK_CAPTURE_AUTORELEASING = YES;
				CLANG_WARN_BOOL_CONVERSION = YES;
				CLANG_WARN_COMMA = YES;
				CLANG_WARN_CONSTANT_CONVERSION = YES;
				CLANG_WARN_DEPRECATED_OBJC_IMPLEMENTATIONS = YES;
				CLANG_WARN_DIRECT_OBJC_ISA_USAGE = YES_ERROR;
				CLANG_WARN_DOCUMENTATION_COMMENTS = YES;
				CLANG_WARN_EMPTY_BODY = YES;
				CLANG_WARN_ENUM_CONVERSION = YES;
				CLANG_WARN_INFINITE_RECURSION = YES;
				CLANG_WARN_INT_CONVERSION = YES;
				CLANG_WARN_NON_LITERAL_NULL_CONVERSION = YES;
				CLANG_WARN_OBJC_IMPLICIT_RETAIN_SELF = YES;
				CLANG_WARN_OBJC_LITERAL_CONVERSION = YES;
				CLANG_WARN_OBJC_ROOT_CLASS = YES_ERROR;
				CLANG_WARN_QUOTED_INCLUDE_IN_FRAMEWORK_HEADER = YES;
				CLANG_WARN_RANGE_LOOP_ANALYSIS = YES;
				CLANG_WARN_STRICT_PROTOTYPES = YES;
				CLANG_WARN_SUSPICIOUS_MOVE = YES;
				CLANG_WARN_UNGUARDED_AVAILABILITY = YES_AGGRESSIVE;
				CLANG_WARN_UNREACHABLE_CODE = YES;
				CLANG_WARN__DUPLICATE_METHOD_MATCH = YES;
				COPY_PHASE_STRIP = NO;
				DEBUG_INFORMATION_FORMAT = "dwarf-with-dsym";
				ENABLE_NS_ASSERTIONS = NO;
				ENABLE_STRICT_OBJC_MSGSEND = YES;
				GCC_C_LANGUAGE_STANDARD = gnu11;
				GCC_NO_COMMON_BLOCKS = YES;
				GCC_WARN_64_TO_32_BIT_CONVERSION = YES;
				GCC_WARN_ABOUT_RETURN_TYPE = YES_ERROR;
				GCC_WARN_UNDECLARED_SELECTOR = YES;
				GCC_WARN_UNINITIALIZED_AUTOS = YES_AGGRESSIVE;
				GCC_WARN_UNUSED_FUNCTION = YES;
				GCC_WARN_UNUSED_VARIABLE = YES;
				IPHONEOS_DEPLOYMENT_TARGET = 15.5;
				MTL_ENABLE_DEBUG_INFO = NO;
				MTL_FAST_MATH = YES;
				SDKROOT = iphoneos;
				SWIFT_COMPILATION_MODE = wholemodule;
				SWIFT_OPTIMIZATION_LEVEL = "-O";
				VALIDATE_PRODUCT = YES;
			};
			name = Release;
		};
		FA2B36B828B8FF280021731B /* Debug */ = {
			isa = XCBuildConfiguration;
			buildSettings = {
				ASSETCATALOG_COMPILER_APPICON_NAME = AppIcon;
				ASSETCATALOG_COMPILER_GLOBAL_ACCENT_COLOR_NAME = AccentColor;
				CODE_SIGN_STYLE = Automatic;
				CURRENT_PROJECT_VERSION = 1;
				DEVELOPMENT_TEAM = R53Z54YJ8K;
				GENERATE_INFOPLIST_FILE = YES;
				INFOPLIST_FILE = iPDF/Info.plist;
				INFOPLIST_KEY_UIApplicationSupportsIndirectInputEvents = YES;
				INFOPLIST_KEY_UILaunchStoryboardName = LaunchScreen;
				INFOPLIST_KEY_UIMainStoryboardFile = LaunchScreen;
				INFOPLIST_KEY_UISupportedInterfaceOrientations_iPad = "UIInterfaceOrientationPortrait UIInterfaceOrientationPortraitUpsideDown UIInterfaceOrientationLandscapeLeft UIInterfaceOrientationLandscapeRight";
				INFOPLIST_KEY_UISupportedInterfaceOrientations_iPhone = "UIInterfaceOrientationPortrait UIInterfaceOrientationLandscapeLeft UIInterfaceOrientationLandscapeRight";
				LD_RUNPATH_SEARCH_PATHS = (
					"$(inherited)",
					"@executable_path/Frameworks",
				);
				MARKETING_VERSION = 1.0;
				PRODUCT_BUNDLE_IDENTIFIER = com.olehdovhan.app.iPDF;
				PRODUCT_NAME = "$(TARGET_NAME)";
				SWIFT_EMIT_LOC_STRINGS = YES;
				SWIFT_VERSION = 5.0;
				TARGETED_DEVICE_FAMILY = 1;
			};
			name = Debug;
		};
		FA2B36B928B8FF280021731B /* Release */ = {
			isa = XCBuildConfiguration;
			buildSettings = {
				ASSETCATALOG_COMPILER_APPICON_NAME = AppIcon;
				ASSETCATALOG_COMPILER_GLOBAL_ACCENT_COLOR_NAME = AccentColor;
				CODE_SIGN_STYLE = Automatic;
				CURRENT_PROJECT_VERSION = 1;
				DEVELOPMENT_TEAM = R53Z54YJ8K;
				GENERATE_INFOPLIST_FILE = YES;
				INFOPLIST_FILE = iPDF/Info.plist;
				INFOPLIST_KEY_UIApplicationSupportsIndirectInputEvents = YES;
				INFOPLIST_KEY_UILaunchStoryboardName = LaunchScreen;
				INFOPLIST_KEY_UIMainStoryboardFile = LaunchScreen;
				INFOPLIST_KEY_UISupportedInterfaceOrientations_iPad = "UIInterfaceOrientationPortrait UIInterfaceOrientationPortraitUpsideDown UIInterfaceOrientationLandscapeLeft UIInterfaceOrientationLandscapeRight";
				INFOPLIST_KEY_UISupportedInterfaceOrientations_iPhone = "UIInterfaceOrientationPortrait UIInterfaceOrientationLandscapeLeft UIInterfaceOrientationLandscapeRight";
				LD_RUNPATH_SEARCH_PATHS = (
					"$(inherited)",
					"@executable_path/Frameworks",
				);
				MARKETING_VERSION = 1.0;
				PRODUCT_BUNDLE_IDENTIFIER = com.olehdovhan.app.iPDF;
				PRODUCT_NAME = "$(TARGET_NAME)";
				SWIFT_EMIT_LOC_STRINGS = YES;
				SWIFT_VERSION = 5.0;
				TARGETED_DEVICE_FAMILY = 1;
			};
			name = Release;
		};
/* End XCBuildConfiguration section */

/* Begin XCConfigurationList section */
		FA2B369B28B8FF250021731B /* Build configuration list for PBXProject "iPDF" */ = {
			isa = XCConfigurationList;
			buildConfigurations = (
				FA2B36B528B8FF280021731B /* Debug */,
				FA2B36B628B8FF280021731B /* Release */,
			);
			defaultConfigurationIsVisible = 0;
			defaultConfigurationName = Release;
		};
		FA2B36B728B8FF280021731B /* Build configuration list for PBXNativeTarget "iPDF" */ = {
			isa = XCConfigurationList;
			buildConfigurations = (
				FA2B36B828B8FF280021731B /* Debug */,
				FA2B36B928B8FF280021731B /* Release */,
			);
			defaultConfigurationIsVisible = 0;
			defaultConfigurationName = Release;
		};
/* End XCConfigurationList section */

/* Begin XCVersionGroup section */
		FA2B36AC28B8FF260021731B /* iPDF.xcdatamodeld */ = {
			isa = XCVersionGroup;
			children = (
				FA2B36AD28B8FF260021731B /* iPDF.xcdatamodel */,
			);
			currentVersion = FA2B36AD28B8FF260021731B /* iPDF.xcdatamodel */;
			path = iPDF.xcdatamodeld;
			sourceTree = "<group>";
			versionGroupType = wrapper.xcdatamodel;
		};
/* End XCVersionGroup section */
	};
	rootObject = FA2B369828B8FF250021731B /* Project object */;
}
