// !$*UTF8*$!
{
	archiveVersion = 1;
	classes = {
	};
	objectVersion = 55;
	objects = {

/* Begin PBXBuildFile section */
		FA0DCF5128C387DF00B6BD81 /* AlternateCell.swift in Sources */ = {isa = PBXBuildFile; fileRef = FA0DCF5028C387DF00B6BD81 /* AlternateCell.swift */; };
		FA0DCF5328C3887900B6BD81 /* AlternateMixView.swift in Sources */ = {isa = PBXBuildFile; fileRef = FA0DCF5228C3887900B6BD81 /* AlternateMixView.swift */; };
		FA0DCF5528C388D500B6BD81 /* AlternateMixVC.swift in Sources */ = {isa = PBXBuildFile; fileRef = FA0DCF5428C388D500B6BD81 /* AlternateMixVC.swift */; };
		FA0DCF5728C3892800B6BD81 /* BaseViewController.swift in Sources */ = {isa = PBXBuildFile; fileRef = FA0DCF5628C3892800B6BD81 /* BaseViewController.swift */; };
		FA0DCF5928C389B700B6BD81 /* AlternateMixModel.swift in Sources */ = {isa = PBXBuildFile; fileRef = FA0DCF5828C389B700B6BD81 /* AlternateMixModel.swift */; };
		FA0DCF5B28C38A0700B6BD81 /* AlternateMixManager.swift in Sources */ = {isa = PBXBuildFile; fileRef = FA0DCF5A28C38A0700B6BD81 /* AlternateMixManager.swift */; };
		FA0DCF5D28C38A4300B6BD81 /* AlternateMixStorage.swift in Sources */ = {isa = PBXBuildFile; fileRef = FA0DCF5C28C38A4300B6BD81 /* AlternateMixStorage.swift */; };
		FA0DCF6128C38ABE00B6BD81 /* MergeCell.swift in Sources */ = {isa = PBXBuildFile; fileRef = FA0DCF6028C38ABE00B6BD81 /* MergeCell.swift */; };
		FA0DCF6328C38AE900B6BD81 /* MergeView.swift in Sources */ = {isa = PBXBuildFile; fileRef = FA0DCF6228C38AE900B6BD81 /* MergeView.swift */; };
		FA0DCF6528C38B2100B6BD81 /* MergeVC.swift in Sources */ = {isa = PBXBuildFile; fileRef = FA0DCF6428C38B2100B6BD81 /* MergeVC.swift */; };
		FA0DCF6828C38BAC00B6BD81 /* CombineReorderVC.swift in Sources */ = {isa = PBXBuildFile; fileRef = FA0DCF6728C38BAC00B6BD81 /* CombineReorderVC.swift */; };
		FA0DCF6B28C38C0A00B6BD81 /* CombineReorderCell.swift in Sources */ = {isa = PBXBuildFile; fileRef = FA0DCF6A28C38C0A00B6BD81 /* CombineReorderCell.swift */; };
		FA0DCF6D28C38C4F00B6BD81 /* CombineReorderModel.swift in Sources */ = {isa = PBXBuildFile; fileRef = FA0DCF6C28C38C4F00B6BD81 /* CombineReorderModel.swift */; };
		FA0DCF6F28C38C7C00B6BD81 /* CombineReorderView.swift in Sources */ = {isa = PBXBuildFile; fileRef = FA0DCF6E28C38C7C00B6BD81 /* CombineReorderView.swift */; };
		FA0DCF7128C38CE300B6BD81 /* CombineReorderManager.swift in Sources */ = {isa = PBXBuildFile; fileRef = FA0DCF7028C38CE300B6BD81 /* CombineReorderManager.swift */; };
		FA0DCF7328C38D3E00B6BD81 /* SingleDocumentVC.swift in Sources */ = {isa = PBXBuildFile; fileRef = FA0DCF7228C38D3E00B6BD81 /* SingleDocumentVC.swift */; };
		FA0DCF7628C38D9000B6BD81 /* FileSaver.swift in Sources */ = {isa = PBXBuildFile; fileRef = FA0DCF7528C38D9000B6BD81 /* FileSaver.swift */; };
		FA0DCF7928C38F6F00B6BD81 /* ExecutionLoaderVw.swift in Sources */ = {isa = PBXBuildFile; fileRef = FA0DCF7828C38F6F00B6BD81 /* ExecutionLoaderVw.swift */; };
		FA0DCF7B28C38F9E00B6BD81 /* ExecutionLoaderVC.swift in Sources */ = {isa = PBXBuildFile; fileRef = FA0DCF7A28C38F9E00B6BD81 /* ExecutionLoaderVC.swift */; };
		FA0DCF7D28C38FC300B6BD81 /* LoaderAnimationView.swift in Sources */ = {isa = PBXBuildFile; fileRef = FA0DCF7C28C38FC300B6BD81 /* LoaderAnimationView.swift */; };
		FA0DCF8028C3900C00B6BD81 /* CongratulationsVC.swift in Sources */ = {isa = PBXBuildFile; fileRef = FA0DCF7F28C3900C00B6BD81 /* CongratulationsVC.swift */; };
		FA0DCF8228C3903900B6BD81 /* CongratulationVW.swift in Sources */ = {isa = PBXBuildFile; fileRef = FA0DCF8128C3903900B6BD81 /* CongratulationVW.swift */; };
		FA0DCF8728C4876900B6BD81 /* Montserrat-Medium.otf in Resources */ = {isa = PBXBuildFile; fileRef = FA0DCF8428C4876900B6BD81 /* Montserrat-Medium.otf */; };
		FA0DCF8828C4876900B6BD81 /* Montserrat-Bold.otf in Resources */ = {isa = PBXBuildFile; fileRef = FA0DCF8528C4876900B6BD81 /* Montserrat-Bold.otf */; };
		FA0DCF8928C4876900B6BD81 /* Montserrat-SemiBold.otf in Resources */ = {isa = PBXBuildFile; fileRef = FA0DCF8628C4876900B6BD81 /* Montserrat-SemiBold.otf */; };
		FA2B36A428B8FF250021731B /* AppDelegate.swift in Sources */ = {isa = PBXBuildFile; fileRef = FA2B36A328B8FF250021731B /* AppDelegate.swift */; };
		FA2B36A628B8FF250021731B /* SceneDelegate.swift in Sources */ = {isa = PBXBuildFile; fileRef = FA2B36A528B8FF250021731B /* SceneDelegate.swift */; };
		FA2B36AE28B8FF260021731B /* iPDF.xcdatamodeld in Sources */ = {isa = PBXBuildFile; fileRef = FA2B36AC28B8FF260021731B /* iPDF.xcdatamodeld */; };
		FA2B36B028B8FF280021731B /* Assets.xcassets in Resources */ = {isa = PBXBuildFile; fileRef = FA2B36AF28B8FF280021731B /* Assets.xcassets */; };
		FA2B36B328B8FF280021731B /* LaunchScreen.storyboard in Resources */ = {isa = PBXBuildFile; fileRef = FA2B36B128B8FF280021731B /* LaunchScreen.storyboard */; };
		FA2B36BD28B910AE0021731B /* TabBarController.swift in Sources */ = {isa = PBXBuildFile; fileRef = FA2B36BC28B910AE0021731B /* TabBarController.swift */; };
		FA2B36BF28B912C90021731B /* ImgsAndClrs.swift in Sources */ = {isa = PBXBuildFile; fileRef = FA2B36BE28B912C90021731B /* ImgsAndClrs.swift */; };
		FA2B36C128B913BB0021731B /* Extensions.swift in Sources */ = {isa = PBXBuildFile; fileRef = FA2B36C028B913BB0021731B /* Extensions.swift */; };
		FA2B36C328B913EC0021731B /* SetUIManager.swift in Sources */ = {isa = PBXBuildFile; fileRef = FA2B36C228B913EC0021731B /* SetUIManager.swift */; };
		FA2B36C728B915060021731B /* BaseTableViewCell.swift in Sources */ = {isa = PBXBuildFile; fileRef = FA2B36C628B915060021731B /* BaseTableViewCell.swift */; };
		FA2B36CA28B9160E0021731B /* DocumentTVCell.swift in Sources */ = {isa = PBXBuildFile; fileRef = FA2B36C928B9160E0021731B /* DocumentTVCell.swift */; };
		FA2B36CC28B916460021731B /* MyFilesView.swift in Sources */ = {isa = PBXBuildFile; fileRef = FA2B36CB28B916460021731B /* MyFilesView.swift */; };
		FA2B36CE28B916A50021731B /* MyFilesVC.swift in Sources */ = {isa = PBXBuildFile; fileRef = FA2B36CD28B916A50021731B /* MyFilesVC.swift */; };
		FA2B36D128B917D20021731B /* PDFViewerVC.swift in Sources */ = {isa = PBXBuildFile; fileRef = FA2B36D028B917D20021731B /* PDFViewerVC.swift */; };
		FA2B36D428B918B00021731B /* ToolsVC.swift in Sources */ = {isa = PBXBuildFile; fileRef = FA2B36D328B918B00021731B /* ToolsVC.swift */; };
		FA68A52428BDC05F0046E351 /* ToolsModel.swift in Sources */ = {isa = PBXBuildFile; fileRef = FA68A52328BDC05F0046E351 /* ToolsModel.swift */; };
		FA68A52728BDC2810046E351 /* ToolsTVCell.swift in Sources */ = {isa = PBXBuildFile; fileRef = FA68A52628BDC2810046E351 /* ToolsTVCell.swift */; };
		FA68A52928BDC2EC0046E351 /* ToolsView.swift in Sources */ = {isa = PBXBuildFile; fileRef = FA68A52828BDC2EC0046E351 /* ToolsView.swift */; };
		FA68A52C28BDC4490046E351 /* Tools.swift in Sources */ = {isa = PBXBuildFile; fileRef = FA68A52B28BDC4490046E351 /* Tools.swift */; };
		FA68A52F28BDE3380046E351 /* SelectFilesVC.swift in Sources */ = {isa = PBXBuildFile; fileRef = FA68A52E28BDE3380046E351 /* SelectFilesVC.swift */; };
		FA68A53128BDE3FA0046E351 /* SelectFilesView.swift in Sources */ = {isa = PBXBuildFile; fileRef = FA68A53028BDE3FA0046E351 /* SelectFilesView.swift */; };
		FA68A53328BDE79C0046E351 /* FileTableViewCell.swift in Sources */ = {isa = PBXBuildFile; fileRef = FA68A53228BDE79C0046E351 /* FileTableViewCell.swift */; };
		FA68A53628BE134E0046E351 /* SingleDocumentVw.swift in Sources */ = {isa = PBXBuildFile; fileRef = FA68A53528BE134E0046E351 /* SingleDocumentVw.swift */; };
		FA78883928BBB9FA009BEEE7 /* ToolsHeaderView.swift in Sources */ = {isa = PBXBuildFile; fileRef = FA78883828BBB9FA009BEEE7 /* ToolsHeaderView.swift */; };
		FAB594D728BA01BD002D3916 /* MODocument+CoreDataClass.swift in Sources */ = {isa = PBXBuildFile; fileRef = FAB594D528BA01BD002D3916 /* MODocument+CoreDataClass.swift */; };
		FAB594D828BA01BD002D3916 /* MODocument+CoreDataProperties.swift in Sources */ = {isa = PBXBuildFile; fileRef = FAB594D628BA01BD002D3916 /* MODocument+CoreDataProperties.swift */; };
		FAB594DA28BA01DC002D3916 /* CoreDataManager.swift in Sources */ = {isa = PBXBuildFile; fileRef = FAB594D928BA01DC002D3916 /* CoreDataManager.swift */; };
		FAB594DD28BA038D002D3916 /* DocumentPicker.swift in Sources */ = {isa = PBXBuildFile; fileRef = FAB594DC28BA038D002D3916 /* DocumentPicker.swift */; };
		FAB594DF28BA03B0002D3916 /* DocumentDelegate.swift in Sources */ = {isa = PBXBuildFile; fileRef = FAB594DE28BA03B0002D3916 /* DocumentDelegate.swift */; };
		FAB594E128BA03C5002D3916 /* Document.swift in Sources */ = {isa = PBXBuildFile; fileRef = FAB594E028BA03C5002D3916 /* Document.swift */; };
/* End PBXBuildFile section */

/* Begin PBXFileReference section */
		FA0DCF5028C387DF00B6BD81 /* AlternateCell.swift */ = {isa = PBXFileReference; lastKnownFileType = sourcecode.swift; path = AlternateCell.swift; sourceTree = "<group>"; };
		FA0DCF5228C3887900B6BD81 /* AlternateMixView.swift */ = {isa = PBXFileReference; lastKnownFileType = sourcecode.swift; path = AlternateMixView.swift; sourceTree = "<group>"; };
		FA0DCF5428C388D500B6BD81 /* AlternateMixVC.swift */ = {isa = PBXFileReference; lastKnownFileType = sourcecode.swift; path = AlternateMixVC.swift; sourceTree = "<group>"; };
		FA0DCF5628C3892800B6BD81 /* BaseViewController.swift */ = {isa = PBXFileReference; lastKnownFileType = sourcecode.swift; path = BaseViewController.swift; sourceTree = "<group>"; };
		FA0DCF5828C389B700B6BD81 /* AlternateMixModel.swift */ = {isa = PBXFileReference; lastKnownFileType = sourcecode.swift; path = AlternateMixModel.swift; sourceTree = "<group>"; };
		FA0DCF5A28C38A0700B6BD81 /* AlternateMixManager.swift */ = {isa = PBXFileReference; lastKnownFileType = sourcecode.swift; path = AlternateMixManager.swift; sourceTree = "<group>"; };
		FA0DCF5C28C38A4300B6BD81 /* AlternateMixStorage.swift */ = {isa = PBXFileReference; lastKnownFileType = sourcecode.swift; path = AlternateMixStorage.swift; sourceTree = "<group>"; };
		FA0DCF6028C38ABE00B6BD81 /* MergeCell.swift */ = {isa = PBXFileReference; lastKnownFileType = sourcecode.swift; path = MergeCell.swift; sourceTree = "<group>"; };
		FA0DCF6228C38AE900B6BD81 /* MergeView.swift */ = {isa = PBXFileReference; lastKnownFileType = sourcecode.swift; path = MergeView.swift; sourceTree = "<group>"; };
		FA0DCF6428C38B2100B6BD81 /* MergeVC.swift */ = {isa = PBXFileReference; lastKnownFileType = sourcecode.swift; path = MergeVC.swift; sourceTree = "<group>"; };
		FA0DCF6728C38BAC00B6BD81 /* CombineReorderVC.swift */ = {isa = PBXFileReference; lastKnownFileType = sourcecode.swift; path = CombineReorderVC.swift; sourceTree = "<group>"; };
		FA0DCF6A28C38C0A00B6BD81 /* CombineReorderCell.swift */ = {isa = PBXFileReference; lastKnownFileType = sourcecode.swift; path = CombineReorderCell.swift; sourceTree = "<group>"; };
		FA0DCF6C28C38C4F00B6BD81 /* CombineReorderModel.swift */ = {isa = PBXFileReference; lastKnownFileType = sourcecode.swift; path = CombineReorderModel.swift; sourceTree = "<group>"; };
		FA0DCF6E28C38C7C00B6BD81 /* CombineReorderView.swift */ = {isa = PBXFileReference; lastKnownFileType = sourcecode.swift; path = CombineReorderView.swift; sourceTree = "<group>"; };
		FA0DCF7028C38CE300B6BD81 /* CombineReorderManager.swift */ = {isa = PBXFileReference; lastKnownFileType = sourcecode.swift; path = CombineReorderManager.swift; sourceTree = "<group>"; };
		FA0DCF7228C38D3E00B6BD81 /* SingleDocumentVC.swift */ = {isa = PBXFileReference; lastKnownFileType = sourcecode.swift; path = SingleDocumentVC.swift; sourceTree = "<group>"; };
		FA0DCF7528C38D9000B6BD81 /* FileSaver.swift */ = {isa = PBXFileReference; lastKnownFileType = sourcecode.swift; path = FileSaver.swift; sourceTree = "<group>"; };
		FA0DCF7828C38F6F00B6BD81 /* ExecutionLoaderVw.swift */ = {isa = PBXFileReference; lastKnownFileType = sourcecode.swift; path = ExecutionLoaderVw.swift; sourceTree = "<group>"; };
		FA0DCF7A28C38F9E00B6BD81 /* ExecutionLoaderVC.swift */ = {isa = PBXFileReference; lastKnownFileType = sourcecode.swift; path = ExecutionLoaderVC.swift; sourceTree = "<group>"; };
		FA0DCF7C28C38FC300B6BD81 /* LoaderAnimationView.swift */ = {isa = PBXFileReference; lastKnownFileType = sourcecode.swift; path = LoaderAnimationView.swift; sourceTree = "<group>"; };
		FA0DCF7F28C3900C00B6BD81 /* CongratulationsVC.swift */ = {isa = PBXFileReference; lastKnownFileType = sourcecode.swift; path = CongratulationsVC.swift; sourceTree = "<group>"; };
		FA0DCF8128C3903900B6BD81 /* CongratulationVW.swift */ = {isa = PBXFileReference; lastKnownFileType = sourcecode.swift; path = CongratulationVW.swift; sourceTree = "<group>"; };
		FA0DCF8428C4876900B6BD81 /* Montserrat-Medium.otf */ = {isa = PBXFileReference; lastKnownFileType = file; path = "Montserrat-Medium.otf"; sourceTree = "<group>"; };
		FA0DCF8528C4876900B6BD81 /* Montserrat-Bold.otf */ = {isa = PBXFileReference; lastKnownFileType = file; path = "Montserrat-Bold.otf"; sourceTree = "<group>"; };
		FA0DCF8628C4876900B6BD81 /* Montserrat-SemiBold.otf */ = {isa = PBXFileReference; lastKnownFileType = file; path = "Montserrat-SemiBold.otf"; sourceTree = "<group>"; };
		FA2B36A028B8FF250021731B /* iPDF.app */ = {isa = PBXFileReference; explicitFileType = wrapper.application; includeInIndex = 0; path = iPDF.app; sourceTree = BUILT_PRODUCTS_DIR; };
		FA2B36A328B8FF250021731B /* AppDelegate.swift */ = {isa = PBXFileReference; lastKnownFileType = sourcecode.swift; path = AppDelegate.swift; sourceTree = "<group>"; };
		FA2B36A528B8FF250021731B /* SceneDelegate.swift */ = {isa = PBXFileReference; lastKnownFileType = sourcecode.swift; path = SceneDelegate.swift; sourceTree = "<group>"; };
		FA2B36AD28B8FF260021731B /* iPDF.xcdatamodel */ = {isa = PBXFileReference; lastKnownFileType = wrapper.xcdatamodel; path = iPDF.xcdatamodel; sourceTree = "<group>"; };
		FA2B36AF28B8FF280021731B /* Assets.xcassets */ = {isa = PBXFileReference; lastKnownFileType = folder.assetcatalog; path = Assets.xcassets; sourceTree = "<group>"; };
		FA2B36B228B8FF280021731B /* Base */ = {isa = PBXFileReference; lastKnownFileType = file.storyboard; name = Base; path = Base.lproj/LaunchScreen.storyboard; sourceTree = "<group>"; };
		FA2B36B428B8FF280021731B /* Info.plist */ = {isa = PBXFileReference; lastKnownFileType = text.plist.xml; path = Info.plist; sourceTree = "<group>"; };
		FA2B36BC28B910AE0021731B /* TabBarController.swift */ = {isa = PBXFileReference; lastKnownFileType = sourcecode.swift; path = TabBarController.swift; sourceTree = "<group>"; };
		FA2B36BE28B912C90021731B /* ImgsAndClrs.swift */ = {isa = PBXFileReference; lastKnownFileType = sourcecode.swift; path = ImgsAndClrs.swift; sourceTree = "<group>"; };
		FA2B36C028B913BB0021731B /* Extensions.swift */ = {isa = PBXFileReference; lastKnownFileType = sourcecode.swift; path = Extensions.swift; sourceTree = "<group>"; };
		FA2B36C228B913EC0021731B /* SetUIManager.swift */ = {isa = PBXFileReference; lastKnownFileType = sourcecode.swift; path = SetUIManager.swift; sourceTree = "<group>"; };
		FA2B36C628B915060021731B /* BaseTableViewCell.swift */ = {isa = PBXFileReference; lastKnownFileType = sourcecode.swift; path = BaseTableViewCell.swift; sourceTree = "<group>"; };
		FA2B36C928B9160E0021731B /* DocumentTVCell.swift */ = {isa = PBXFileReference; lastKnownFileType = sourcecode.swift; path = DocumentTVCell.swift; sourceTree = "<group>"; };
		FA2B36CB28B916460021731B /* MyFilesView.swift */ = {isa = PBXFileReference; lastKnownFileType = sourcecode.swift; path = MyFilesView.swift; sourceTree = "<group>"; };
		FA2B36CD28B916A50021731B /* MyFilesVC.swift */ = {isa = PBXFileReference; lastKnownFileType = sourcecode.swift; path = MyFilesVC.swift; sourceTree = "<group>"; };
		FA2B36D028B917D20021731B /* PDFViewerVC.swift */ = {isa = PBXFileReference; lastKnownFileType = sourcecode.swift; path = PDFViewerVC.swift; sourceTree = "<group>"; };
		FA2B36D328B918B00021731B /* ToolsVC.swift */ = {isa = PBXFileReference; lastKnownFileType = sourcecode.swift; path = ToolsVC.swift; sourceTree = "<group>"; };
		FA68A52328BDC05F0046E351 /* ToolsModel.swift */ = {isa = PBXFileReference; lastKnownFileType = sourcecode.swift; path = ToolsModel.swift; sourceTree = "<group>"; };
		FA68A52628BDC2810046E351 /* ToolsTVCell.swift */ = {isa = PBXFileReference; lastKnownFileType = sourcecode.swift; path = ToolsTVCell.swift; sourceTree = "<group>"; };
		FA68A52828BDC2EC0046E351 /* ToolsView.swift */ = {isa = PBXFileReference; lastKnownFileType = sourcecode.swift; path = ToolsView.swift; sourceTree = "<group>"; };
		FA68A52B28BDC4490046E351 /* Tools.swift */ = {isa = PBXFileReference; lastKnownFileType = sourcecode.swift; path = Tools.swift; sourceTree = "<group>"; };
		FA68A52E28BDE3380046E351 /* SelectFilesVC.swift */ = {isa = PBXFileReference; lastKnownFileType = sourcecode.swift; path = SelectFilesVC.swift; sourceTree = "<group>"; };
		FA68A53028BDE3FA0046E351 /* SelectFilesView.swift */ = {isa = PBXFileReference; lastKnownFileType = sourcecode.swift; path = SelectFilesView.swift; sourceTree = "<group>"; };
		FA68A53228BDE79C0046E351 /* FileTableViewCell.swift */ = {isa = PBXFileReference; lastKnownFileType = sourcecode.swift; path = FileTableViewCell.swift; sourceTree = "<group>"; };
		FA68A53528BE134E0046E351 /* SingleDocumentVw.swift */ = {isa = PBXFileReference; lastKnownFileType = sourcecode.swift; path = SingleDocumentVw.swift; sourceTree = "<group>"; };
		FA78883828BBB9FA009BEEE7 /* ToolsHeaderView.swift */ = {isa = PBXFileReference; lastKnownFileType = sourcecode.swift; path = ToolsHeaderView.swift; sourceTree = "<group>"; };
		FAB594D528BA01BD002D3916 /* MODocument+CoreDataClass.swift */ = {isa = PBXFileReference; lastKnownFileType = sourcecode.swift; path = "MODocument+CoreDataClass.swift"; sourceTree = "<group>"; };
		FAB594D628BA01BD002D3916 /* MODocument+CoreDataProperties.swift */ = {isa = PBXFileReference; lastKnownFileType = sourcecode.swift; path = "MODocument+CoreDataProperties.swift"; sourceTree = "<group>"; };
		FAB594D928BA01DC002D3916 /* CoreDataManager.swift */ = {isa = PBXFileReference; lastKnownFileType = sourcecode.swift; path = CoreDataManager.swift; sourceTree = "<group>"; };
		FAB594DC28BA038D002D3916 /* DocumentPicker.swift */ = {isa = PBXFileReference; lastKnownFileType = sourcecode.swift; path = DocumentPicker.swift; sourceTree = "<group>"; };
		FAB594DE28BA03B0002D3916 /* DocumentDelegate.swift */ = {isa = PBXFileReference; lastKnownFileType = sourcecode.swift; path = DocumentDelegate.swift; sourceTree = "<group>"; };
		FAB594E028BA03C5002D3916 /* Document.swift */ = {isa = PBXFileReference; lastKnownFileType = sourcecode.swift; path = Document.swift; sourceTree = "<group>"; };
/* End PBXFileReference section */

/* Begin PBXFrameworksBuildPhase section */
		FA2B369D28B8FF250021731B /* Frameworks */ = {
			isa = PBXFrameworksBuildPhase;
			buildActionMask = 2147483647;
			files = (
			);
			runOnlyForDeploymentPostprocessing = 0;
		};
/* End PBXFrameworksBuildPhase section */

/* Begin PBXGroup section */
		FA0DCF4F28C3879700B6BD81 /* AlternateMixVC */ = {
			isa = PBXGroup;
			children = (
				FA0DCF5028C387DF00B6BD81 /* AlternateCell.swift */,
				FA0DCF5228C3887900B6BD81 /* AlternateMixView.swift */,
				FA0DCF5428C388D500B6BD81 /* AlternateMixVC.swift */,
				FA0DCF5828C389B700B6BD81 /* AlternateMixModel.swift */,
				FA0DCF5A28C38A0700B6BD81 /* AlternateMixManager.swift */,
				FA0DCF5C28C38A4300B6BD81 /* AlternateMixStorage.swift */,
			);
			path = AlternateMixVC;
			sourceTree = "<group>";
		};
		FA0DCF5E28C38A7300B6BD81 /* MergeVC */ = {
			isa = PBXGroup;
			children = (
				FA0DCF5F28C38A8900B6BD81 /* TableViewCell */,
				FA0DCF6228C38AE900B6BD81 /* MergeView.swift */,
				FA0DCF6428C38B2100B6BD81 /* MergeVC.swift */,
			);
			path = MergeVC;
			sourceTree = "<group>";
		};
		FA0DCF5F28C38A8900B6BD81 /* TableViewCell */ = {
			isa = PBXGroup;
			children = (
				FA0DCF6028C38ABE00B6BD81 /* MergeCell.swift */,
			);
			path = TableViewCell;
			sourceTree = "<group>";
		};
		FA0DCF6628C38B8200B6BD81 /* CombineReorderVC */ = {
			isa = PBXGroup;
			children = (
				FA0DCF6928C38BE200B6BD81 /* CollectionCell  */,
				FA0DCF6728C38BAC00B6BD81 /* CombineReorderVC.swift */,
				FA0DCF6C28C38C4F00B6BD81 /* CombineReorderModel.swift */,
				FA0DCF6E28C38C7C00B6BD81 /* CombineReorderView.swift */,
				FA0DCF7028C38CE300B6BD81 /* CombineReorderManager.swift */,
			);
			path = CombineReorderVC;
			sourceTree = "<group>";
		};
		FA0DCF6928C38BE200B6BD81 /* CollectionCell  */ = {
			isa = PBXGroup;
			children = (
				FA0DCF6A28C38C0A00B6BD81 /* CombineReorderCell.swift */,
			);
			path = "CollectionCell ";
			sourceTree = "<group>";
		};
		FA0DCF7428C38D7100B6BD81 /* FileSaver */ = {
			isa = PBXGroup;
			children = (
				FA0DCF7528C38D9000B6BD81 /* FileSaver.swift */,
			);
			path = FileSaver;
			sourceTree = "<group>";
		};
		FA0DCF7728C38F4C00B6BD81 /* ExecutionLoaderVC */ = {
			isa = PBXGroup;
			children = (
				FA0DCF7828C38F6F00B6BD81 /* ExecutionLoaderVw.swift */,
				FA0DCF7A28C38F9E00B6BD81 /* ExecutionLoaderVC.swift */,
				FA0DCF7C28C38FC300B6BD81 /* LoaderAnimationView.swift */,
			);
			path = ExecutionLoaderVC;
			sourceTree = "<group>";
		};
		FA0DCF7E28C38FF200B6BD81 /* CongratulationsVC */ = {
			isa = PBXGroup;
			children = (
				FA0DCF7F28C3900C00B6BD81 /* CongratulationsVC.swift */,
				FA0DCF8128C3903900B6BD81 /* CongratulationVW.swift */,
			);
			path = CongratulationsVC;
			sourceTree = "<group>";
		};
		FA0DCF8328C4874C00B6BD81 /* Fonts */ = {
			isa = PBXGroup;
			children = (
				FA0DCF8528C4876900B6BD81 /* Montserrat-Bold.otf */,
				FA0DCF8428C4876900B6BD81 /* Montserrat-Medium.otf */,
				FA0DCF8628C4876900B6BD81 /* Montserrat-SemiBold.otf */,
			);
			path = Fonts;
			sourceTree = "<group>";
		};
		FA2B369728B8FF250021731B = {
			isa = PBXGroup;
			children = (
				FA2B36A228B8FF250021731B /* iPDF */,
				FA2B36A128B8FF250021731B /* Products */,
			);
			sourceTree = "<group>";
		};
		FA2B36A128B8FF250021731B /* Products */ = {
			isa = PBXGroup;
			children = (
				FA2B36A028B8FF250021731B /* iPDF.app */,
			);
			name = Products;
			sourceTree = "<group>";
		};
		FA2B36A228B8FF250021731B /* iPDF */ = {
			isa = PBXGroup;
			children = (
				FA0DCF7E28C38FF200B6BD81 /* CongratulationsVC */,
				FA0DCF7728C38F4C00B6BD81 /* ExecutionLoaderVC */,
				FA0DCF7428C38D7100B6BD81 /* FileSaver */,
				FA68A53428BE13260046E351 /* SingleDocumentVC */,
				FA68A52A28BDC42F0046E351 /* Tools */,
				FAB594D028BA005A002D3916 /* Core Data */,
				FAB594DB28BA0368002D3916 /* DocPickerFiles */,
				FA2B36CF28B917AC0021731B /* PDFViewerVC */,
				FA2B36BB28B9107C0021731B /* TabBar */,
				FA68A52D28BDE2FA0046E351 /* SelectFilesVC */,
				FA2B36C528B914DE0021731B /* Base UI  */,
				FA2B36BA28B910350021731B /* Supporting Files */,
				FA0DCF8328C4874C00B6BD81 /* Fonts */,
				FA2B36B428B8FF280021731B /* Info.plist */,
				FA2B36AC28B8FF260021731B /* iPDF.xcdatamodeld */,
			);
			path = iPDF;
			sourceTree = "<group>";
		};
		FA2B36BA28B910350021731B /* Supporting Files */ = {
			isa = PBXGroup;
			children = (
				FA2B36A328B8FF250021731B /* AppDelegate.swift */,
				FA2B36A528B8FF250021731B /* SceneDelegate.swift */,
				FA2B36C028B913BB0021731B /* Extensions.swift */,
				FA2B36B128B8FF280021731B /* LaunchScreen.storyboard */,
				FA2B36AF28B8FF280021731B /* Assets.xcassets */,
				FA2B36BE28B912C90021731B /* ImgsAndClrs.swift */,
				FA2B36C228B913EC0021731B /* SetUIManager.swift */,
			);
			path = "Supporting Files";
			sourceTree = "<group>";
		};
		FA2B36BB28B9107C0021731B /* TabBar */ = {
			isa = PBXGroup;
			children = (
				FA2B36C828B915580021731B /* MyFilesVC */,
				FA2B36D228B9181A0021731B /* ToolsVC */,
				FA2B36BC28B910AE0021731B /* TabBarController.swift */,
			);
			path = TabBar;
			sourceTree = "<group>";
		};
		FA2B36C528B914DE0021731B /* Base UI  */ = {
			isa = PBXGroup;
			children = (
				FA2B36C628B915060021731B /* BaseTableViewCell.swift */,
				FA0DCF5628C3892800B6BD81 /* BaseViewController.swift */,
			);
			path = "Base UI ";
			sourceTree = "<group>";
		};
		FA2B36C828B915580021731B /* MyFilesVC */ = {
			isa = PBXGroup;
			children = (
				FA2B36C928B9160E0021731B /* DocumentTVCell.swift */,
				FA2B36CB28B916460021731B /* MyFilesView.swift */,
				FA2B36CD28B916A50021731B /* MyFilesVC.swift */,
			);
			path = MyFilesVC;
			sourceTree = "<group>";
		};
		FA2B36CF28B917AC0021731B /* PDFViewerVC */ = {
			isa = PBXGroup;
			children = (
				FA2B36D028B917D20021731B /* PDFViewerVC.swift */,
			);
			path = PDFViewerVC;
			sourceTree = "<group>";
		};
		FA2B36D228B9181A0021731B /* ToolsVC */ = {
			isa = PBXGroup;
			children = (
				FA68A52528BDC24E0046E351 /* ToolsTVCell */,
				FA68A52328BDC05F0046E351 /* ToolsModel.swift */,
				FA2B36D328B918B00021731B /* ToolsVC.swift */,
				FA78883828BBB9FA009BEEE7 /* ToolsHeaderView.swift */,
				FA68A52828BDC2EC0046E351 /* ToolsView.swift */,
			);
			path = ToolsVC;
			sourceTree = "<group>";
		};
		FA68A52528BDC24E0046E351 /* ToolsTVCell */ = {
			isa = PBXGroup;
			children = (
				FA68A52628BDC2810046E351 /* ToolsTVCell.swift */,
			);
			path = ToolsTVCell;
			sourceTree = "<group>";
		};
		FA68A52A28BDC42F0046E351 /* Tools */ = {
			isa = PBXGroup;
			children = (
				FA0DCF6628C38B8200B6BD81 /* CombineReorderVC */,
				FA0DCF4F28C3879700B6BD81 /* AlternateMixVC */,
				FA0DCF5E28C38A7300B6BD81 /* MergeVC */,
				FA68A52B28BDC4490046E351 /* Tools.swift */,
			);
			path = Tools;
			sourceTree = "<group>";
		};
		FA68A52D28BDE2FA0046E351 /* SelectFilesVC */ = {
			isa = PBXGroup;
			children = (
				FA68A52E28BDE3380046E351 /* SelectFilesVC.swift */,
				FA68A53028BDE3FA0046E351 /* SelectFilesView.swift */,
				FA68A53228BDE79C0046E351 /* FileTableViewCell.swift */,
			);
			path = SelectFilesVC;
			sourceTree = "<group>";
		};
		FA68A53428BE13260046E351 /* SingleDocumentVC */ = {
			isa = PBXGroup;
			children = (
				FA68A53528BE134E0046E351 /* SingleDocumentVw.swift */,
				FA0DCF7228C38D3E00B6BD81 /* SingleDocumentVC.swift */,
			);
			path = SingleDocumentVC;
			sourceTree = "<group>";
		};
		FAB594D028BA005A002D3916 /* Core Data */ = {
			isa = PBXGroup;
			children = (
				FAB594D528BA01BD002D3916 /* MODocument+CoreDataClass.swift */,
				FAB594D628BA01BD002D3916 /* MODocument+CoreDataProperties.swift */,
				FAB594D928BA01DC002D3916 /* CoreDataManager.swift */,
			);
			path = "Core Data";
			sourceTree = "<group>";
		};
		FAB594DB28BA0368002D3916 /* DocPickerFiles */ = {
			isa = PBXGroup;
			children = (
				FAB594DC28BA038D002D3916 /* DocumentPicker.swift */,
				FAB594DE28BA03B0002D3916 /* DocumentDelegate.swift */,
				FAB594E028BA03C5002D3916 /* Document.swift */,
			);
			path = DocPickerFiles;
			sourceTree = "<group>";
		};
/* End PBXGroup section */

/* Begin PBXNativeTarget section */
		FA2B369F28B8FF250021731B /* iPDF */ = {
			isa = PBXNativeTarget;
			buildConfigurationList = FA2B36B728B8FF280021731B /* Build configuration list for PBXNativeTarget "iPDF" */;
			buildPhases = (
				FA2B369C28B8FF250021731B /* Sources */,
				FA2B369D28B8FF250021731B /* Frameworks */,
				FA2B369E28B8FF250021731B /* Resources */,
			);
			buildRules = (
			);
			dependencies = (
			);
			name = iPDF;
			productName = iPDF;
			productReference = FA2B36A028B8FF250021731B /* iPDF.app */;
			productType = "com.apple.product-type.application";
		};
/* End PBXNativeTarget section */

/* Begin PBXProject section */
		FA2B369828B8FF250021731B /* Project object */ = {
			isa = PBXProject;
			attributes = {
				BuildIndependentTargetsInParallel = 1;
				LastSwiftUpdateCheck = 1340;
				LastUpgradeCheck = 1340;
				TargetAttributes = {
					FA2B369F28B8FF250021731B = {
						CreatedOnToolsVersion = 13.4.1;
					};
				};
			};
			buildConfigurationList = FA2B369B28B8FF250021731B /* Build configuration list for PBXProject "iPDF" */;
			compatibilityVersion = "Xcode 13.0";
			developmentRegion = en;
			hasScannedForEncodings = 0;
			knownRegions = (
				en,
				Base,
			);
			mainGroup = FA2B369728B8FF250021731B;
			productRefGroup = FA2B36A128B8FF250021731B /* Products */;
			projectDirPath = "";
			projectRoot = "";
			targets = (
				FA2B369F28B8FF250021731B /* iPDF */,
			);
		};
/* End PBXProject section */

/* Begin PBXResourcesBuildPhase section */
		FA2B369E28B8FF250021731B /* Resources */ = {
			isa = PBXResourcesBuildPhase;
			buildActionMask = 2147483647;
			files = (
				FA2B36B328B8FF280021731B /* LaunchScreen.storyboard in Resources */,
				FA0DCF8728C4876900B6BD81 /* Montserrat-Medium.otf in Resources */,
				FA2B36B028B8FF280021731B /* Assets.xcassets in Resources */,
				FA0DCF8828C4876900B6BD81 /* Montserrat-Bold.otf in Resources */,
				FA0DCF8928C4876900B6BD81 /* Montserrat-SemiBold.otf in Resources */,
			);
			runOnlyForDeploymentPostprocessing = 0;
		};
/* End PBXResourcesBuildPhase section */

/* Begin PBXSourcesBuildPhase section */
		FA2B369C28B8FF250021731B /* Sources */ = {
			isa = PBXSourcesBuildPhase;
			buildActionMask = 2147483647;
			files = (
				FA2B36C728B915060021731B /* BaseTableViewCell.swift in Sources */,
				FA78883928BBB9FA009BEEE7 /* ToolsHeaderView.swift in Sources */,
				FA0DCF8228C3903900B6BD81 /* CongratulationVW.swift in Sources */,
				FA0DCF5528C388D500B6BD81 /* AlternateMixVC.swift in Sources */,
				FA0DCF6B28C38C0A00B6BD81 /* CombineReorderCell.swift in Sources */,
				FA2B36D428B918B00021731B /* ToolsVC.swift in Sources */,
				FA68A52F28BDE3380046E351 /* SelectFilesVC.swift in Sources */,
				FAB594D728BA01BD002D3916 /* MODocument+CoreDataClass.swift in Sources */,
				FAB594D828BA01BD002D3916 /* MODocument+CoreDataProperties.swift in Sources */,
				FA0DCF7928C38F6F00B6BD81 /* ExecutionLoaderVw.swift in Sources */,
				FAB594DD28BA038D002D3916 /* DocumentPicker.swift in Sources */,
				FA0DCF8028C3900C00B6BD81 /* CongratulationsVC.swift in Sources */,
				FA2B36CA28B9160E0021731B /* DocumentTVCell.swift in Sources */,
				FA2B36BF28B912C90021731B /* ImgsAndClrs.swift in Sources */,
				FA0DCF7628C38D9000B6BD81 /* FileSaver.swift in Sources */,
				FA0DCF5128C387DF00B6BD81 /* AlternateCell.swift in Sources */,
				FA2B36C128B913BB0021731B /* Extensions.swift in Sources */,
				FA68A53328BDE79C0046E351 /* FileTableViewCell.swift in Sources */,
				FA0DCF7B28C38F9E00B6BD81 /* ExecutionLoaderVC.swift in Sources */,
				FA0DCF6328C38AE900B6BD81 /* MergeView.swift in Sources */,
				FA0DCF5728C3892800B6BD81 /* BaseViewController.swift in Sources */,
				FA2B36AE28B8FF260021731B /* iPDF.xcdatamodeld in Sources */,
				FA0DCF6D28C38C4F00B6BD81 /* CombineReorderModel.swift in Sources */,
				FA0DCF6F28C38C7C00B6BD81 /* CombineReorderView.swift in Sources */,
				FA0DCF7D28C38FC300B6BD81 /* LoaderAnimationView.swift in Sources */,
				FA2B36BD28B910AE0021731B /* TabBarController.swift in Sources */,
				FA2B36CC28B916460021731B /* MyFilesView.swift in Sources */,
				FA0DCF6828C38BAC00B6BD81 /* CombineReorderVC.swift in Sources */,
				FA2B36CE28B916A50021731B /* MyFilesVC.swift in Sources */,
				FA68A52728BDC2810046E351 /* ToolsTVCell.swift in Sources */,
				FA0DCF5B28C38A0700B6BD81 /* AlternateMixManager.swift in Sources */,
				FA0DCF7128C38CE300B6BD81 /* CombineReorderManager.swift in Sources */,
				FA0DCF5D28C38A4300B6BD81 /* AlternateMixStorage.swift in Sources */,
				FA2B36A428B8FF250021731B /* AppDelegate.swift in Sources */,
				FA0DCF5328C3887900B6BD81 /* AlternateMixView.swift in Sources */,
				FA68A52C28BDC4490046E351 /* Tools.swift in Sources */,
				FA68A52928BDC2EC0046E351 /* ToolsView.swift in Sources */,
				FAB594DF28BA03B0002D3916 /* DocumentDelegate.swift in Sources */,
				FA0DCF6128C38ABE00B6BD81 /* MergeCell.swift in Sources */,
				FA0DCF6528C38B2100B6BD81 /* MergeVC.swift in Sources */,
				FA68A52428BDC05F0046E351 /* ToolsModel.swift in Sources */,
				FA2B36D128B917D20021731B /* PDFViewerVC.swift in Sources */,
				FA2B36A628B8FF250021731B /* SceneDelegate.swift in Sources */,
				FA0DCF5928C389B700B6BD81 /* AlternateMixModel.swift in Sources */,
				FAB594DA28BA01DC002D3916 /* CoreDataManager.swift in Sources */,
				FA0DCF7328C38D3E00B6BD81 /* SingleDocumentVC.swift in Sources */,
				FA2B36C328B913EC0021731B /* SetUIManager.swift in Sources */,
				FA68A53128BDE3FA0046E351 /* SelectFilesView.swift in Sources */,
				FAB594E128BA03C5002D3916 /* Document.swift in Sources */,
				FA68A53628BE134E0046E351 /* SingleDocumentVw.swift in Sources */,
			);
			runOnlyForDeploymentPostprocessing = 0;
		};
/* End PBXSourcesBuildPhase section */

/* Begin PBXVariantGroup section */
		FA2B36B128B8FF280021731B /* LaunchScreen.storyboard */ = {
			isa = PBXVariantGroup;
			children = (
				FA2B36B228B8FF280021731B /* Base */,
			);
			name = LaunchScreen.storyboard;
			sourceTree = "<group>";
		};
/* End PBXVariantGroup section */

/* Begin XCBuildConfiguration section */
		FA2B36B528B8FF280021731B /* Debug */ = {
			isa = XCBuildConfiguration;
			buildSettings = {
				ALWAYS_SEARCH_USER_PATHS = NO;
				CLANG_ANALYZER_NONNULL = YES;
				CLANG_ANALYZER_NUMBER_OBJECT_CONVERSION = YES_AGGRESSIVE;
				CLANG_CXX_LANGUAGE_STANDARD = "gnu++17";
				CLANG_ENABLE_MODULES = YES;
				CLANG_ENABLE_OBJC_ARC = YES;
				CLANG_ENABLE_OBJC_WEAK = YES;
				CLANG_WARN_BLOCK_CAPTURE_AUTORELEASING = YES;
				CLANG_WARN_BOOL_CONVERSION = YES;
				CLANG_WARN_COMMA = YES;
				CLANG_WARN_CONSTANT_CONVERSION = YES;
				CLANG_WARN_DEPRECATED_OBJC_IMPLEMENTATIONS = YES;
				CLANG_WARN_DIRECT_OBJC_ISA_USAGE = YES_ERROR;
				CLANG_WARN_DOCUMENTATION_COMMENTS = YES;
				CLANG_WARN_EMPTY_BODY = YES;
				CLANG_WARN_ENUM_CONVERSION = YES;
				CLANG_WARN_INFINITE_RECURSION = YES;
				CLANG_WARN_INT_CONVERSION = YES;
				CLANG_WARN_NON_LITERAL_NULL_CONVERSION = YES;
				CLANG_WARN_OBJC_IMPLICIT_RETAIN_SELF = YES;
				CLANG_WARN_OBJC_LITERAL_CONVERSION = YES;
				CLANG_WARN_OBJC_ROOT_CLASS = YES_ERROR;
				CLANG_WARN_QUOTED_INCLUDE_IN_FRAMEWORK_HEADER = YES;
				CLANG_WARN_RANGE_LOOP_ANALYSIS = YES;
				CLANG_WARN_STRICT_PROTOTYPES = YES;
				CLANG_WARN_SUSPICIOUS_MOVE = YES;
				CLANG_WARN_UNGUARDED_AVAILABILITY = YES_AGGRESSIVE;
				CLANG_WARN_UNREACHABLE_CODE = YES;
				CLANG_WARN__DUPLICATE_METHOD_MATCH = YES;
				COPY_PHASE_STRIP = NO;
				DEBUG_INFORMATION_FORMAT = dwarf;
				ENABLE_STRICT_OBJC_MSGSEND = YES;
				ENABLE_TESTABILITY = YES;
				GCC_C_LANGUAGE_STANDARD = gnu11;
				GCC_DYNAMIC_NO_PIC = NO;
				GCC_NO_COMMON_BLOCKS = YES;
				GCC_OPTIMIZATION_LEVEL = 0;
				GCC_PREPROCESSOR_DEFINITIONS = (
					"DEBUG=1",
					"$(inherited)",
				);
				GCC_WARN_64_TO_32_BIT_CONVERSION = YES;
				GCC_WARN_ABOUT_RETURN_TYPE = YES_ERROR;
				GCC_WARN_UNDECLARED_SELECTOR = YES;
				GCC_WARN_UNINITIALIZED_AUTOS = YES_AGGRESSIVE;
				GCC_WARN_UNUSED_FUNCTION = YES;
				GCC_WARN_UNUSED_VARIABLE = YES;
				IPHONEOS_DEPLOYMENT_TARGET = 15.5;
				MTL_ENABLE_DEBUG_INFO = INCLUDE_SOURCE;
				MTL_FAST_MATH = YES;
				ONLY_ACTIVE_ARCH = YES;
				SDKROOT = iphoneos;
				SWIFT_ACTIVE_COMPILATION_CONDITIONS = DEBUG;
				SWIFT_OPTIMIZATION_LEVEL = "-Onone";
			};
			name = Debug;
		};
		FA2B36B628B8FF280021731B /* Release */ = {
			isa = XCBuildConfiguration;
			buildSettings = {
				ALWAYS_SEARCH_USER_PATHS = NO;
				CLANG_ANALYZER_NONNULL = YES;
				CLANG_ANALYZER_NUMBER_OBJECT_CONVERSION = YES_AGGRESSIVE;
				CLANG_CXX_LANGUAGE_STANDARD = "gnu++17";
				CLANG_ENABLE_MODULES = YES;
				CLANG_ENABLE_OBJC_ARC = YES;
				CLANG_ENABLE_OBJC_WEAK = YES;
				CLANG_WARN_BLOCK_CAPTURE_AUTORELEASING = YES;
				CLANG_WARN_BOOL_CONVERSION = YES;
				CLANG_WARN_COMMA = YES;
				CLANG_WARN_CONSTANT_CONVERSION = YES;
				CLANG_WARN_DEPRECATED_OBJC_IMPLEMENTATIONS = YES;
				CLANG_WARN_DIRECT_OBJC_ISA_USAGE = YES_ERROR;
				CLANG_WARN_DOCUMENTATION_COMMENTS = YES;
				CLANG_WARN_EMPTY_BODY = YES;
				CLANG_WARN_ENUM_CONVERSION = YES;
				CLANG_WARN_INFINITE_RECURSION = YES;
				CLANG_WARN_INT_CONVERSION = YES;
				CLANG_WARN_NON_LITERAL_NULL_CONVERSION = YES;
				CLANG_WARN_OBJC_IMPLICIT_RETAIN_SELF = YES;
				CLANG_WARN_OBJC_LITERAL_CONVERSION = YES;
				CLANG_WARN_OBJC_ROOT_CLASS = YES_ERROR;
				CLANG_WARN_QUOTED_INCLUDE_IN_FRAMEWORK_HEADER = YES;
				CLANG_WARN_RANGE_LOOP_ANALYSIS = YES;
				CLANG_WARN_STRICT_PROTOTYPES = YES;
				CLANG_WARN_SUSPICIOUS_MOVE = YES;
				CLANG_WARN_UNGUARDED_AVAILABILITY = YES_AGGRESSIVE;
				CLANG_WARN_UNREACHABLE_CODE = YES;
				CLANG_WARN__DUPLICATE_METHOD_MATCH = YES;
				COPY_PHASE_STRIP = NO;
				DEBUG_INFORMATION_FORMAT = "dwarf-with-dsym";
				ENABLE_NS_ASSERTIONS = NO;
				ENABLE_STRICT_OBJC_MSGSEND = YES;
				GCC_C_LANGUAGE_STANDARD = gnu11;
				GCC_NO_COMMON_BLOCKS = YES;
				GCC_WARN_64_TO_32_BIT_CONVERSION = YES;
				GCC_WARN_ABOUT_RETURN_TYPE = YES_ERROR;
				GCC_WARN_UNDECLARED_SELECTOR = YES;
				GCC_WARN_UNINITIALIZED_AUTOS = YES_AGGRESSIVE;
				GCC_WARN_UNUSED_FUNCTION = YES;
				GCC_WARN_UNUSED_VARIABLE = YES;
				IPHONEOS_DEPLOYMENT_TARGET = 15.5;
				MTL_ENABLE_DEBUG_INFO = NO;
				MTL_FAST_MATH = YES;
				SDKROOT = iphoneos;
				SWIFT_COMPILATION_MODE = wholemodule;
				SWIFT_OPTIMIZATION_LEVEL = "-O";
				VALIDATE_PRODUCT = YES;
			};
			name = Release;
		};
		FA2B36B828B8FF280021731B /* Debug */ = {
			isa = XCBuildConfiguration;
			buildSettings = {
				ASSETCATALOG_COMPILER_APPICON_NAME = AppIcon;
				ASSETCATALOG_COMPILER_GLOBAL_ACCENT_COLOR_NAME = AccentColor;
				CODE_SIGN_STYLE = Automatic;
				CURRENT_PROJECT_VERSION = 1;
				DEVELOPMENT_TEAM = R53Z54YJ8K;
				GENERATE_INFOPLIST_FILE = YES;
				INFOPLIST_FILE = iPDF/Info.plist;
				INFOPLIST_KEY_UIApplicationSupportsIndirectInputEvents = YES;
				INFOPLIST_KEY_UILaunchStoryboardName = LaunchScreen;
				INFOPLIST_KEY_UIMainStoryboardFile = LaunchScreen;
				INFOPLIST_KEY_UISupportedInterfaceOrientations_iPad = "UIInterfaceOrientationPortrait UIInterfaceOrientationPortraitUpsideDown UIInterfaceOrientationLandscapeLeft UIInterfaceOrientationLandscapeRight";
				INFOPLIST_KEY_UISupportedInterfaceOrientations_iPhone = "UIInterfaceOrientationPortrait UIInterfaceOrientationLandscapeLeft UIInterfaceOrientationLandscapeRight";
				LD_RUNPATH_SEARCH_PATHS = (
					"$(inherited)",
					"@executable_path/Frameworks",
				);
				MARKETING_VERSION = 1.0;
				PRODUCT_BUNDLE_IDENTIFIER = com.olehdovhan.app.iPDF;
				PRODUCT_NAME = "$(TARGET_NAME)";
				SWIFT_EMIT_LOC_STRINGS = YES;
				SWIFT_VERSION = 5.0;
				TARGETED_DEVICE_FAMILY = 1;
			};
			name = Debug;
		};
		FA2B36B928B8FF280021731B /* Release */ = {
			isa = XCBuildConfiguration;
			buildSettings = {
				ASSETCATALOG_COMPILER_APPICON_NAME = AppIcon;
				ASSETCATALOG_COMPILER_GLOBAL_ACCENT_COLOR_NAME = AccentColor;
				CODE_SIGN_STYLE = Automatic;
				CURRENT_PROJECT_VERSION = 1;
				DEVELOPMENT_TEAM = R53Z54YJ8K;
				GENERATE_INFOPLIST_FILE = YES;
				INFOPLIST_FILE = iPDF/Info.plist;
				INFOPLIST_KEY_UIApplicationSupportsIndirectInputEvents = YES;
				INFOPLIST_KEY_UILaunchStoryboardName = LaunchScreen;
				INFOPLIST_KEY_UIMainStoryboardFile = LaunchScreen;
				INFOPLIST_KEY_UISupportedInterfaceOrientations_iPad = "UIInterfaceOrientationPortrait UIInterfaceOrientationPortraitUpsideDown UIInterfaceOrientationLandscapeLeft UIInterfaceOrientationLandscapeRight";
				INFOPLIST_KEY_UISupportedInterfaceOrientations_iPhone = "UIInterfaceOrientationPortrait UIInterfaceOrientationLandscapeLeft UIInterfaceOrientationLandscapeRight";
				LD_RUNPATH_SEARCH_PATHS = (
					"$(inherited)",
					"@executable_path/Frameworks",
				);
				MARKETING_VERSION = 1.0;
				PRODUCT_BUNDLE_IDENTIFIER = com.olehdovhan.app.iPDF;
				PRODUCT_NAME = "$(TARGET_NAME)";
				SWIFT_EMIT_LOC_STRINGS = YES;
				SWIFT_VERSION = 5.0;
				TARGETED_DEVICE_FAMILY = 1;
			};
			name = Release;
		};
/* End XCBuildConfiguration section */

/* Begin XCConfigurationList section */
		FA2B369B28B8FF250021731B /* Build configuration list for PBXProject "iPDF" */ = {
			isa = XCConfigurationList;
			buildConfigurations = (
				FA2B36B528B8FF280021731B /* Debug */,
				FA2B36B628B8FF280021731B /* Release */,
			);
			defaultConfigurationIsVisible = 0;
			defaultConfigurationName = Release;
		};
		FA2B36B728B8FF280021731B /* Build configuration list for PBXNativeTarget "iPDF" */ = {
			isa = XCConfigurationList;
			buildConfigurations = (
				FA2B36B828B8FF280021731B /* Debug */,
				FA2B36B928B8FF280021731B /* Release */,
			);
			defaultConfigurationIsVisible = 0;
			defaultConfigurationName = Release;
		};
/* End XCConfigurationList section */

/* Begin XCVersionGroup section */
		FA2B36AC28B8FF260021731B /* iPDF.xcdatamodeld */ = {
			isa = XCVersionGroup;
			children = (
				FA2B36AD28B8FF260021731B /* iPDF.xcdatamodel */,
			);
			currentVersion = FA2B36AD28B8FF260021731B /* iPDF.xcdatamodel */;
			path = iPDF.xcdatamodeld;
			sourceTree = "<group>";
			versionGroupType = wrapper.xcdatamodel;
		};
/* End XCVersionGroup section */
	};
	rootObject = FA2B369828B8FF250021731B /* Project object */;
}
